
Microsoft Visual Studio Solution File, Format Version 12.00
# Visual Studio 2015
Project("{FAE04EC0-301F-11D3-BF4B-00C04F79EFBC}") = "AdventurePort.CSharp", "AdventurePort.CSharp.csproj", "{A670FAF2-82C6-4B2B-0909-4871B64BBF4A}"
EndProject
Global
	GlobalSection(SolutionConfigurationPlatforms) = preSolution
		Debug|Any CPU = Debug|Any CPU
		Release|Any CPU = Release|Any CPU
	EndGlobalSection
	GlobalSection(ProjectConfigurationPlatforms) = postSolution
		{A670FAF2-82C6-4B2B-0909-4871B64BBF4A}.Debug|Any CPU.ActiveCfg = Debug|Any CPU
		{A670FAF2-82C6-4B2B-0909-4871B64BBF4A}.Debug|Any CPU.Build.0 = Debug|Any CPU
		{A670FAF2-82C6-4B2B-0909-4871B64BBF4A}.Release|Any CPU.ActiveCfg = Release|Any CPU
		{A670FAF2-82C6-4B2B-0909-4871B64BBF4A}.Release|Any CPU.Build.0 = Release|Any CPU
	EndGlobalSection
	GlobalSection(SolutionProperties) = preSolution
		HideSolutionNode = FALSE
	EndGlobalSection
EndGlobal
